// !$*UTF8*$!
{
	archiveVersion = 1;
	classes = {
	};
	objectVersion = 46;
	objects = {

/* Begin PBXBuildFile section */
		5E3331D71F1774850080E01B /* YFBaseViewController.m in Sources */ = {isa = PBXBuildFile; fileRef = 5E3331D61F1774850080E01B /* YFBaseViewController.m */; };
		5E6E32811F14C7AC00927D1B /* main.m in Sources */ = {isa = PBXBuildFile; fileRef = 5E6E32801F14C7AC00927D1B /* main.m */; };
		5E6E32841F14C7AC00927D1B /* AppDelegate.m in Sources */ = {isa = PBXBuildFile; fileRef = 5E6E32831F14C7AC00927D1B /* AppDelegate.m */; };
		5E6E32871F14C7AC00927D1B /* ViewController.m in Sources */ = {isa = PBXBuildFile; fileRef = 5E6E32861F14C7AC00927D1B /* ViewController.m */; };
		5E6E328A1F14C7AC00927D1B /* Main.storyboard in Resources */ = {isa = PBXBuildFile; fileRef = 5E6E32881F14C7AC00927D1B /* Main.storyboard */; };
		5E6E328C1F14C7AC00927D1B /* Assets.xcassets in Resources */ = {isa = PBXBuildFile; fileRef = 5E6E328B1F14C7AC00927D1B /* Assets.xcassets */; };
		5E6E328F1F14C7AC00927D1B /* LaunchScreen.storyboard in Resources */ = {isa = PBXBuildFile; fileRef = 5E6E328D1F14C7AC00927D1B /* LaunchScreen.storyboard */; };
		5E6E32B41F14CA6500927D1B /* MASCompositeConstraint.m in Sources */ = {isa = PBXBuildFile; fileRef = 5E6E329C1F14CA6500927D1B /* MASCompositeConstraint.m */; };
		5E6E32B51F14CA6500927D1B /* MASConstraint.m in Sources */ = {isa = PBXBuildFile; fileRef = 5E6E329F1F14CA6500927D1B /* MASConstraint.m */; };
		5E6E32B61F14CA6500927D1B /* MASConstraintMaker.m in Sources */ = {isa = PBXBuildFile; fileRef = 5E6E32A11F14CA6500927D1B /* MASConstraintMaker.m */; };
		5E6E32B71F14CA6500927D1B /* MASLayoutConstraint.m in Sources */ = {isa = PBXBuildFile; fileRef = 5E6E32A31F14CA6500927D1B /* MASLayoutConstraint.m */; };
		5E6E32B81F14CA6500927D1B /* MASViewAttribute.m in Sources */ = {isa = PBXBuildFile; fileRef = 5E6E32A71F14CA6500927D1B /* MASViewAttribute.m */; };
		5E6E32B91F14CA6500927D1B /* MASViewConstraint.m in Sources */ = {isa = PBXBuildFile; fileRef = 5E6E32A91F14CA6500927D1B /* MASViewConstraint.m */; };
		5E6E32BA1F14CA6500927D1B /* NSArray+MASAdditions.m in Sources */ = {isa = PBXBuildFile; fileRef = 5E6E32AB1F14CA6500927D1B /* NSArray+MASAdditions.m */; };
		5E6E32BB1F14CA6500927D1B /* NSLayoutConstraint+MASDebugAdditions.m in Sources */ = {isa = PBXBuildFile; fileRef = 5E6E32AE1F14CA6500927D1B /* NSLayoutConstraint+MASDebugAdditions.m */; };
		5E6E32BC1F14CA6500927D1B /* View+MASAdditions.m in Sources */ = {isa = PBXBuildFile; fileRef = 5E6E32B01F14CA6500927D1B /* View+MASAdditions.m */; };
		5E6E32BD1F14CA6500927D1B /* ViewController+MASAdditions.m in Sources */ = {isa = PBXBuildFile; fileRef = 5E6E32B31F14CA6500927D1B /* ViewController+MASAdditions.m */; };
		5E6E32C01F14CEC300927D1B /* YFNavView.m in Sources */ = {isa = PBXBuildFile; fileRef = 5E6E32BF1F14CEC300927D1B /* YFNavView.m */; };
/* End PBXBuildFile section */

/* Begin PBXFileReference section */
		5E3331D51F1774850080E01B /* YFBaseViewController.h */ = {isa = PBXFileReference; fileEncoding = 4; lastKnownFileType = sourcecode.c.h; path = YFBaseViewController.h; sourceTree = "<group>"; };
		5E3331D61F1774850080E01B /* YFBaseViewController.m */ = {isa = PBXFileReference; fileEncoding = 4; lastKnownFileType = sourcecode.c.objc; path = YFBaseViewController.m; sourceTree = "<group>"; };
		5E6E327C1F14C7AC00927D1B /* HeaderZoomingController.app */ = {isa = PBXFileReference; explicitFileType = wrapper.application; includeInIndex = 0; path = HeaderZoomingController.app; sourceTree = BUILT_PRODUCTS_DIR; };
		5E6E32801F14C7AC00927D1B /* main.m */ = {isa = PBXFileReference; lastKnownFileType = sourcecode.c.objc; path = main.m; sourceTree = "<group>"; };
		5E6E32821F14C7AC00927D1B /* AppDelegate.h */ = {isa = PBXFileReference; lastKnownFileType = sourcecode.c.h; path = AppDelegate.h; sourceTree = "<group>"; };
		5E6E32831F14C7AC00927D1B /* AppDelegate.m */ = {isa = PBXFileReference; lastKnownFileType = sourcecode.c.objc; path = AppDelegate.m; sourceTree = "<group>"; };
		5E6E32851F14C7AC00927D1B /* ViewController.h */ = {isa = PBXFileReference; lastKnownFileType = sourcecode.c.h; path = ViewController.h; sourceTree = "<group>"; };
		5E6E32861F14C7AC00927D1B /* ViewController.m */ = {isa = PBXFileReference; lastKnownFileType = sourcecode.c.objc; path = ViewController.m; sourceTree = "<group>"; };
		5E6E32891F14C7AC00927D1B /* Base */ = {isa = PBXFileReference; lastKnownFileType = file.storyboard; name = Base; path = Base.lproj/Main.storyboard; sourceTree = "<group>"; };
		5E6E328B1F14C7AC00927D1B /* Assets.xcassets */ = {isa = PBXFileReference; lastKnownFileType = folder.assetcatalog; path = Assets.xcassets; sourceTree = "<group>"; };
		5E6E328E1F14C7AC00927D1B /* Base */ = {isa = PBXFileReference; lastKnownFileType = file.storyboard; name = Base; path = Base.lproj/LaunchScreen.storyboard; sourceTree = "<group>"; };
		5E6E32901F14C7AC00927D1B /* Info.plist */ = {isa = PBXFileReference; lastKnownFileType = text.plist.xml; path = Info.plist; sourceTree = "<group>"; };
		5E6E329B1F14CA6500927D1B /* MASCompositeConstraint.h */ = {isa = PBXFileReference; fileEncoding = 4; lastKnownFileType = sourcecode.c.h; path = MASCompositeConstraint.h; sourceTree = "<group>"; };
		5E6E329C1F14CA6500927D1B /* MASCompositeConstraint.m */ = {isa = PBXFileReference; fileEncoding = 4; lastKnownFileType = sourcecode.c.objc; path = MASCompositeConstraint.m; sourceTree = "<group>"; };
		5E6E329D1F14CA6500927D1B /* MASConstraint+Private.h */ = {isa = PBXFileReference; fileEncoding = 4; lastKnownFileType = sourcecode.c.h; path = "MASConstraint+Private.h"; sourceTree = "<group>"; };
		5E6E329E1F14CA6500927D1B /* MASConstraint.h */ = {isa = PBXFileReference; fileEncoding = 4; lastKnownFileType = sourcecode.c.h; path = MASConstraint.h; sourceTree = "<group>"; };
		5E6E329F1F14CA6500927D1B /* MASConstraint.m */ = {isa = PBXFileReference; fileEncoding = 4; lastKnownFileType = sourcecode.c.objc; path = MASConstraint.m; sourceTree = "<group>"; };
		5E6E32A01F14CA6500927D1B /* MASConstraintMaker.h */ = {isa = PBXFileReference; fileEncoding = 4; lastKnownFileType = sourcecode.c.h; path = MASConstraintMaker.h; sourceTree = "<group>"; };
		5E6E32A11F14CA6500927D1B /* MASConstraintMaker.m */ = {isa = PBXFileReference; fileEncoding = 4; lastKnownFileType = sourcecode.c.objc; path = MASConstraintMaker.m; sourceTree = "<group>"; };
		5E6E32A21F14CA6500927D1B /* MASLayoutConstraint.h */ = {isa = PBXFileReference; fileEncoding = 4; lastKnownFileType = sourcecode.c.h; path = MASLayoutConstraint.h; sourceTree = "<group>"; };
		5E6E32A31F14CA6500927D1B /* MASLayoutConstraint.m */ = {isa = PBXFileReference; fileEncoding = 4; lastKnownFileType = sourcecode.c.objc; path = MASLayoutConstraint.m; sourceTree = "<group>"; };
		5E6E32A41F14CA6500927D1B /* Masonry.h */ = {isa = PBXFileReference; fileEncoding = 4; lastKnownFileType = sourcecode.c.h; path = Masonry.h; sourceTree = "<group>"; };
		5E6E32A51F14CA6500927D1B /* MASUtilities.h */ = {isa = PBXFileReference; fileEncoding = 4; lastKnownFileType = sourcecode.c.h; path = MASUtilities.h; sourceTree = "<group>"; };
		5E6E32A61F14CA6500927D1B /* MASViewAttribute.h */ = {isa = PBXFileReference; fileEncoding = 4; lastKnownFileType = sourcecode.c.h; path = MASViewAttribute.h; sourceTree = "<group>"; };
		5E6E32A71F14CA6500927D1B /* MASViewAttribute.m */ = {isa = PBXFileReference; fileEncoding = 4; lastKnownFileType = sourcecode.c.objc; path = MASViewAttribute.m; sourceTree = "<group>"; };
		5E6E32A81F14CA6500927D1B /* MASViewConstraint.h */ = {isa = PBXFileReference; fileEncoding = 4; lastKnownFileType = sourcecode.c.h; path = MASViewConstraint.h; sourceTree = "<group>"; };
		5E6E32A91F14CA6500927D1B /* MASViewConstraint.m */ = {isa = PBXFileReference; fileEncoding = 4; lastKnownFileType = sourcecode.c.objc; path = MASViewConstraint.m; sourceTree = "<group>"; };
		5E6E32AA1F14CA6500927D1B /* NSArray+MASAdditions.h */ = {isa = PBXFileReference; fileEncoding = 4; lastKnownFileType = sourcecode.c.h; path = "NSArray+MASAdditions.h"; sourceTree = "<group>"; };
		5E6E32AB1F14CA6500927D1B /* NSArray+MASAdditions.m */ = {isa = PBXFileReference; fileEncoding = 4; lastKnownFileType = sourcecode.c.objc; path = "NSArray+MASAdditions.m"; sourceTree = "<group>"; };
		5E6E32AC1F14CA6500927D1B /* NSArray+MASShorthandAdditions.h */ = {isa = PBXFileReference; fileEncoding = 4; lastKnownFileType = sourcecode.c.h; path = "NSArray+MASShorthandAdditions.h"; sourceTree = "<group>"; };
		5E6E32AD1F14CA6500927D1B /* NSLayoutConstraint+MASDebugAdditions.h */ = {isa = PBXFileReference; fileEncoding = 4; lastKnownFileType = sourcecode.c.h; path = "NSLayoutConstraint+MASDebugAdditions.h"; sourceTree = "<group>"; };
		5E6E32AE1F14CA6500927D1B /* NSLayoutConstraint+MASDebugAdditions.m */ = {isa = PBXFileReference; fileEncoding = 4; lastKnownFileType = sourcecode.c.objc; path = "NSLayoutConstraint+MASDebugAdditions.m"; sourceTree = "<group>"; };
		5E6E32AF1F14CA6500927D1B /* View+MASAdditions.h */ = {isa = PBXFileReference; fileEncoding = 4; lastKnownFileType = sourcecode.c.h; path = "View+MASAdditions.h"; sourceTree = "<group>"; };
		5E6E32B01F14CA6500927D1B /* View+MASAdditions.m */ = {isa = PBXFileReference; fileEncoding = 4; lastKnownFileType = sourcecode.c.objc; path = "View+MASAdditions.m"; sourceTree = "<group>"; };
		5E6E32B11F14CA6500927D1B /* View+MASShorthandAdditions.h */ = {isa = PBXFileReference; fileEncoding = 4; lastKnownFileType = sourcecode.c.h; path = "View+MASShorthandAdditions.h"; sourceTree = "<group>"; };
		5E6E32B21F14CA6500927D1B /* ViewController+MASAdditions.h */ = {isa = PBXFileReference; fileEncoding = 4; lastKnownFileType = sourcecode.c.h; path = "ViewController+MASAdditions.h"; sourceTree = "<group>"; };
		5E6E32B31F14CA6500927D1B /* ViewController+MASAdditions.m */ = {isa = PBXFileReference; fileEncoding = 4; lastKnownFileType = sourcecode.c.objc; path = "ViewController+MASAdditions.m"; sourceTree = "<group>"; };
		5E6E32BE1F14CEC300927D1B /* YFNavView.h */ = {isa = PBXFileReference; fileEncoding = 4; lastKnownFileType = sourcecode.c.h; path = YFNavView.h; sourceTree = "<group>"; };
		5E6E32BF1F14CEC300927D1B /* YFNavView.m */ = {isa = PBXFileReference; fileEncoding = 4; lastKnownFileType = sourcecode.c.objc; path = YFNavView.m; sourceTree = "<group>"; };
/* End PBXFileReference section */

/* Begin PBXFrameworksBuildPhase section */
		5E6E32791F14C7AC00927D1B /* Frameworks */ = {
			isa = PBXFrameworksBuildPhase;
			buildActionMask = 2147483647;
			files = (
			);
			runOnlyForDeploymentPostprocessing = 0;
		};
/* End PBXFrameworksBuildPhase section */

/* Begin PBXGroup section */
		5E6E32731F14C7AC00927D1B = {
			isa = PBXGroup;
			children = (
				5E6E327E1F14C7AC00927D1B /* HeaderZoomingController */,
				5E6E327D1F14C7AC00927D1B /* Products */,
			);
			sourceTree = "<group>";
		};
		5E6E327D1F14C7AC00927D1B /* Products */ = {
			isa = PBXGroup;
			children = (
				5E6E327C1F14C7AC00927D1B /* HeaderZoomingController.app */,
			);
			name = Products;
			sourceTree = "<group>";
		};
		5E6E327E1F14C7AC00927D1B /* HeaderZoomingController */ = {
			isa = PBXGroup;
			children = (
				5E6E329A1F14CA6500927D1B /* Masonry */,
				5E6E32961F14C95400927D1B /* BaseHeader */,
				5E6E32821F14C7AC00927D1B /* AppDelegate.h */,
				5E6E32831F14C7AC00927D1B /* AppDelegate.m */,
				5E6E32851F14C7AC00927D1B /* ViewController.h */,
				5E6E32861F14C7AC00927D1B /* ViewController.m */,
				5E6E32881F14C7AC00927D1B /* Main.storyboard */,
				5E6E328B1F14C7AC00927D1B /* Assets.xcassets */,
				5E6E328D1F14C7AC00927D1B /* LaunchScreen.storyboard */,
				5E6E32901F14C7AC00927D1B /* Info.plist */,
				5E6E327F1F14C7AC00927D1B /* Supporting Files */,
			);
			path = HeaderZoomingController;
			sourceTree = "<group>";
		};
		5E6E327F1F14C7AC00927D1B /* Supporting Files */ = {
			isa = PBXGroup;
			children = (
				5E6E32801F14C7AC00927D1B /* main.m */,
			);
			name = "Supporting Files";
			sourceTree = "<group>";
		};
		5E6E32961F14C95400927D1B /* BaseHeader */ = {
			isa = PBXGroup;
			children = (
				5E6E32BE1F14CEC300927D1B /* YFNavView.h */,
				5E6E32BF1F14CEC300927D1B /* YFNavView.m */,
				5E3331D51F1774850080E01B /* YFBaseViewController.h */,
				5E3331D61F1774850080E01B /* YFBaseViewController.m */,
			);
			path = BaseHeader;
			sourceTree = "<group>";
		};
		5E6E329A1F14CA6500927D1B /* Masonry */ = {
			isa = PBXGroup;
			children = (
				5E6E329B1F14CA6500927D1B /* MASCompositeConstraint.h */,
				5E6E329C1F14CA6500927D1B /* MASCompositeConstraint.m */,
				5E6E329D1F14CA6500927D1B /* MASConstraint+Private.h */,
				5E6E329E1F14CA6500927D1B /* MASConstraint.h */,
				5E6E329F1F14CA6500927D1B /* MASConstraint.m */,
				5E6E32A01F14CA6500927D1B /* MASConstraintMaker.h */,
				5E6E32A11F14CA6500927D1B /* MASConstraintMaker.m */,
				5E6E32A21F14CA6500927D1B /* MASLayoutConstraint.h */,
				5E6E32A31F14CA6500927D1B /* MASLayoutConstraint.m */,
				5E6E32A41F14CA6500927D1B /* Masonry.h */,
				5E6E32A51F14CA6500927D1B /* MASUtilities.h */,
				5E6E32A61F14CA6500927D1B /* MASViewAttribute.h */,
				5E6E32A71F14CA6500927D1B /* MASViewAttribute.m */,
				5E6E32A81F14CA6500927D1B /* MASViewConstraint.h */,
				5E6E32A91F14CA6500927D1B /* MASViewConstraint.m */,
				5E6E32AA1F14CA6500927D1B /* NSArray+MASAdditions.h */,
				5E6E32AB1F14CA6500927D1B /* NSArray+MASAdditions.m */,
				5E6E32AC1F14CA6500927D1B /* NSArray+MASShorthandAdditions.h */,
				5E6E32AD1F14CA6500927D1B /* NSLayoutConstraint+MASDebugAdditions.h */,
				5E6E32AE1F14CA6500927D1B /* NSLayoutConstraint+MASDebugAdditions.m */,
				5E6E32AF1F14CA6500927D1B /* View+MASAdditions.h */,
				5E6E32B01F14CA6500927D1B /* View+MASAdditions.m */,
				5E6E32B11F14CA6500927D1B /* View+MASShorthandAdditions.h */,
				5E6E32B21F14CA6500927D1B /* ViewController+MASAdditions.h */,
				5E6E32B31F14CA6500927D1B /* ViewController+MASAdditions.m */,
			);
			path = Masonry;
			sourceTree = "<group>";
		};
/* End PBXGroup section */

/* Begin PBXNativeTarget section */
		5E6E327B1F14C7AC00927D1B /* HeaderZoomingController */ = {
			isa = PBXNativeTarget;
			buildConfigurationList = 5E6E32931F14C7AC00927D1B /* Build configuration list for PBXNativeTarget "HeaderZoomingController" */;
			buildPhases = (
				5E6E32781F14C7AC00927D1B /* Sources */,
				5E6E32791F14C7AC00927D1B /* Frameworks */,
				5E6E327A1F14C7AC00927D1B /* Resources */,
			);
			buildRules = (
			);
			dependencies = (
			);
			name = HeaderZoomingController;
			productName = HeaderZoomingController;
			productReference = 5E6E327C1F14C7AC00927D1B /* HeaderZoomingController.app */;
			productType = "com.apple.product-type.application";
		};
/* End PBXNativeTarget section */

/* Begin PBXProject section */
		5E6E32741F14C7AC00927D1B /* Project object */ = {
			isa = PBXProject;
			attributes = {
				LastUpgradeCheck = 0830;
				ORGANIZATIONNAME = JasonYu;
				TargetAttributes = {
					5E6E327B1F14C7AC00927D1B = {
						CreatedOnToolsVersion = 8.3.3;
						DevelopmentTeam = W56C787ZS6;
						ProvisioningStyle = Automatic;
					};
				};
			};
			buildConfigurationList = 5E6E32771F14C7AC00927D1B /* Build configuration list for PBXProject "HeaderZoomingController" */;
			compatibilityVersion = "Xcode 3.2";
			developmentRegion = English;
			hasScannedForEncodings = 0;
			knownRegions = (
				en,
				Base,
			);
			mainGroup = 5E6E32731F14C7AC00927D1B;
			productRefGroup = 5E6E327D1F14C7AC00927D1B /* Products */;
			projectDirPath = "";
			projectRoot = "";
			targets = (
				5E6E327B1F14C7AC00927D1B /* HeaderZoomingController */,
			);
		};
/* End PBXProject section */

/* Begin PBXResourcesBuildPhase section */
		5E6E327A1F14C7AC00927D1B /* Resources */ = {
			isa = PBXResourcesBuildPhase;
			buildActionMask = 2147483647;
			files = (
				5E6E328F1F14C7AC00927D1B /* LaunchScreen.storyboard in Resources */,
				5E6E328C1F14C7AC00927D1B /* Assets.xcassets in Resources */,
				5E6E328A1F14C7AC00927D1B /* Main.storyboard in Resources */,
			);
			runOnlyForDeploymentPostprocessing = 0;
		};
/* End PBXResourcesBuildPhase section */

/* Begin PBXSourcesBuildPhase section */
		5E6E32781F14C7AC00927D1B /* Sources */ = {
			isa = PBXSourcesBuildPhase;
			buildActionMask = 2147483647;
			files = (
				5E6E32B61F14CA6500927D1B /* MASConstraintMaker.m in Sources */,
				5E6E32871F14C7AC00927D1B /* ViewController.m in Sources */,
				5E6E32841F14C7AC00927D1B /* AppDelegate.m in Sources */,
				5E6E32B51F14CA6500927D1B /* MASConstraint.m in Sources */,
				5E6E32BD1F14CA6500927D1B /* ViewController+MASAdditions.m in Sources */,
				5E6E32B71F14CA6500927D1B /* MASLayoutConstraint.m in Sources */,
				5E3331D71F1774850080E01B /* YFBaseViewController.m in Sources */,
				5E6E32C01F14CEC300927D1B /* YFNavView.m in Sources */,
				5E6E32BA1F14CA6500927D1B /* NSArray+MASAdditions.m in Sources */,
				5E6E32B91F14CA6500927D1B /* MASViewConstraint.m in Sources */,
				5E6E32B81F14CA6500927D1B /* MASViewAttribute.m in Sources */,
				5E6E32BC1F14CA6500927D1B /* View+MASAdditions.m in Sources */,
				5E6E32811F14C7AC00927D1B /* main.m in Sources */,
				5E6E32B41F14CA6500927D1B /* MASCompositeConstraint.m in Sources */,
				5E6E32BB1F14CA6500927D1B /* NSLayoutConstraint+MASDebugAdditions.m in Sources */,
			);
			runOnlyForDeploymentPostprocessing = 0;
		};
/* End PBXSourcesBuildPhase section */

/* Begin PBXVariantGroup section */
		5E6E32881F14C7AC00927D1B /* Main.storyboard */ = {
			isa = PBXVariantGroup;
			children = (
				5E6E32891F14C7AC00927D1B /* Base */,
			);
			name = Main.storyboard;
			sourceTree = "<group>";
		};
		5E6E328D1F14C7AC00927D1B /* LaunchScreen.storyboard */ = {
			isa = PBXVariantGroup;
			children = (
				5E6E328E1F14C7AC00927D1B /* Base */,
			);
			name = LaunchScreen.storyboard;
			sourceTree = "<group>";
		};
/* End PBXVariantGroup section */

/* Begin XCBuildConfiguration section */
		5E6E32911F14C7AC00927D1B /* Debug */ = {
			isa = XCBuildConfiguration;
			buildSettings = {
				ALWAYS_SEARCH_USER_PATHS = NO;
				CLANG_ANALYZER_NONNULL = YES;
				CLANG_ANALYZER_NUMBER_OBJECT_CONVERSION = YES_AGGRESSIVE;
				CLANG_CXX_LANGUAGE_STANDARD = "gnu++0x";
				CLANG_CXX_LIBRARY = "libc++";
				CLANG_ENABLE_MODULES = YES;
				CLANG_ENABLE_OBJC_ARC = YES;
				CLANG_WARN_BOOL_CONVERSION = YES;
				CLANG_WARN_CONSTANT_CONVERSION = YES;
				CLANG_WARN_DIRECT_OBJC_ISA_USAGE = YES_ERROR;
				CLANG_WARN_DOCUMENTATION_COMMENTS = YES;
				CLANG_WARN_EMPTY_BODY = YES;
				CLANG_WARN_ENUM_CONVERSION = YES;
				CLANG_WARN_INFINITE_RECURSION = YES;
				CLANG_WARN_INT_CONVERSION = YES;
				CLANG_WARN_OBJC_ROOT_CLASS = YES_ERROR;
				CLANG_WARN_SUSPICIOUS_MOVE = YES;
				CLANG_WARN_UNREACHABLE_CODE = YES;
				CLANG_WARN__DUPLICATE_METHOD_MATCH = YES;
				"CODE_SIGN_IDENTITY[sdk=iphoneos*]" = "iPhone Developer";
				COPY_PHASE_STRIP = NO;
				DEBUG_INFORMATION_FORMAT = dwarf;
				ENABLE_STRICT_OBJC_MSGSEND = YES;
				ENABLE_TESTABILITY = YES;
				GCC_C_LANGUAGE_STANDARD = gnu99;
				GCC_DYNAMIC_NO_PIC = NO;
				GCC_NO_COMMON_BLOCKS = YES;
				GCC_OPTIMIZATION_LEVEL = 0;
				GCC_PREPROCESSOR_DEFINITIONS = (
					"DEBUG=1",
					"$(inherited)",
				);
				GCC_WARN_64_TO_32_BIT_CONVERSION = YES;
				GCC_WARN_ABOUT_RETURN_TYPE = YES_ERROR;
				GCC_WARN_UNDECLARED_SELECTOR = YES;
				GCC_WARN_UNINITIALIZED_AUTOS = YES_AGGRESSIVE;
				GCC_WARN_UNUSED_FUNCTION = YES;
				GCC_WARN_UNUSED_VARIABLE = YES;
				IPHONEOS_DEPLOYMENT_TARGET = 10.3;
				MTL_ENABLE_DEBUG_INFO = YES;
				ONLY_ACTIVE_ARCH = YES;
				SDKROOT = iphoneos;
			};
			name = Debug;
		};
		5E6E32921F14C7AC00927D1B /* Release */ = {
			isa = XCBuildConfiguration;
			buildSettings = {
				ALWAYS_SEARCH_USER_PATHS = NO;
				CLANG_ANALYZER_NONNULL = YES;
				CLANG_ANALYZER_NUMBER_OBJECT_CONVERSION = YES_AGGRESSIVE;
				CLANG_CXX_LANGUAGE_STANDARD = "gnu++0x";
				CLANG_CXX_LIBRARY = "libc++";
				CLANG_ENABLE_MODULES = YES;
				CLANG_ENABLE_OBJC_ARC = YES;
				CLANG_WARN_BOOL_CONVERSION = YES;
				CLANG_WARN_CONSTANT_CONVERSION = YES;
				CLANG_WARN_DIRECT_OBJC_ISA_USAGE = YES_ERROR;
				CLANG_WARN_DOCUMENTATION_COMMENTS = YES;
				CLANG_WARN_EMPTY_BODY = YES;
				CLANG_WARN_ENUM_CONVERSION = YES;
				CLANG_WARN_INFINITE_RECURSION = YES;
				CLANG_WARN_INT_CONVERSION = YES;
				CLANG_WARN_OBJC_ROOT_CLASS = YES_ERROR;
				CLANG_WARN_SUSPICIOUS_MOVE = YES;
				CLANG_WARN_UNREACHABLE_CODE = YES;
				CLANG_WARN__DUPLICATE_METHOD_MATCH = YES;
				"CODE_SIGN_IDENTITY[sdk=iphoneos*]" = "iPhone Developer";
				COPY_PHASE_STRIP = NO;
				DEBUG_INFORMATION_FORMAT = "dwarf-with-dsym";
				ENABLE_NS_ASSERTIONS = NO;
				ENABLE_STRICT_OBJC_MSGSEND = YES;
				GCC_C_LANGUAGE_STANDARD = gnu99;
				GCC_NO_COMMON_BLOCKS = YES;
				GCC_WARN_64_TO_32_BIT_CONVERSION = YES;
				GCC_WARN_ABOUT_RETURN_TYPE = YES_ERROR;
				GCC_WARN_UNDECLARED_SELECTOR = YES;
				GCC_WARN_UNINITIALIZED_AUTOS = YES_AGGRESSIVE;
				GCC_WARN_UNUSED_FUNCTION = YES;
				GCC_WARN_UNUSED_VARIABLE = YES;
				IPHONEOS_DEPLOYMENT_TARGET = 10.3;
				MTL_ENABLE_DEBUG_INFO = NO;
				SDKROOT = iphoneos;
				VALIDATE_PRODUCT = YES;
			};
			name = Release;
		};
		5E6E32941F14C7AC00927D1B /* Debug */ = {
			isa = XCBuildConfiguration;
			buildSettings = {
				ASSETCATALOG_COMPILER_APPICON_NAME = AppIcon;
				DEVELOPMENT_TEAM = W56C787ZS6;
				INFOPLIST_FILE = HeaderZoomingController/Info.plist;
				LD_RUNPATH_SEARCH_PATHS = "$(inherited) @executable_path/Frameworks";
				PRODUCT_BUNDLE_IDENTIFIER = com.JasonYu.HeaderZoomingController;
				PRODUCT_NAME = "$(TARGET_NAME)";
			};
			name = Debug;
		};
		5E6E32951F14C7AC00927D1B /* Release */ = {
			isa = XCBuildConfiguration;
			buildSettings = {
				ASSETCATALOG_COMPILER_APPICON_NAME = AppIcon;
				DEVELOPMENT_TEAM = W56C787ZS6;
				INFOPLIST_FILE = HeaderZoomingController/Info.plist;
				LD_RUNPATH_SEARCH_PATHS = "$(inherited) @executable_path/Frameworks";
				PRODUCT_BUNDLE_IDENTIFIER = com.JasonYu.HeaderZoomingController;
				PRODUCT_NAME = "$(TARGET_NAME)";
			};
			name = Release;
		};
/* End XCBuildConfiguration section */

/* Begin XCConfigurationList section */
		5E6E32771F14C7AC00927D1B /* Build configuration list for PBXProject "HeaderZoomingController" */ = {
			isa = XCConfigurationList;
			buildConfigurations = (
				5E6E32911F14C7AC00927D1B /* Debug */,
				5E6E32921F14C7AC00927D1B /* Release */,
			);
			defaultConfigurationIsVisible = 0;
			defaultConfigurationName = Release;
		};
		5E6E32931F14C7AC00927D1B /* Build configuration list for PBXNativeTarget "HeaderZoomingController" */ = {
			isa = XCConfigurationList;
			buildConfigurations = (
				5E6E32941F14C7AC00927D1B /* Debug */,
				5E6E32951F14C7AC00927D1B /* Release */,
			);
			defaultConfigurationIsVisible = 0;
			defaultConfigurationName = Release;
		};
/* End XCConfigurationList section */
	};
	rootObject = 5E6E32741F14C7AC00927D1B /* Project object */;
}
